{
	"archiveVersion": "1",
	"classes": {},
	"objectVersion": "54",
	"objects": {
		"03A1C78A-4995-48E9-8AAB-97EF313A9993": {
			"fileRef": "0989316F-A69B-4BB1-A256-761E8A8563EA",
			"isa": "PBXBuildFile"
		},
		"03FC852F-BEAC-4937-B427-795BFA1982AE": {
			"explicitFileType": "sourcecode.c.h",
			"fileEncoding": "4",
			"isa": "PBXFileReference",
			"name": "ofxButton.h",
			"path": "../../addons/ofxGui/src/ofxButton.h",
			"sourceTree": "SOURCE_ROOT"
		},
		"07D9C6EA-D4AD-4C1C-99FD-723C14082E36": {
			"children": [
				"127997C6-802B-4EB3-A066-6A6A504CD185",
				"C8498165-E4A4-4C3B-B5F5-D2619471B830",
				"4D1C0155-A886-42E7-88C9-9ACA7997EBF7",
				"03FC852F-BEAC-4937-B427-795BFA1982AE",
				"59C9FA10-E3FE-4C26-9DD2-02720885B7D7",
				"76642C55-5352-4DD7-8647-44EDA985671E",
				"98C89FAF-3DFC-4070-A750-74C8909B3E5A",
				"0E466CBC-4635-4B52-A36B-8E1F45E5FCA4",
				"58FD06FB-4409-4623-9647-060546F936A3",
				"BEE8202E-5113-4310-8DE7-0E105B35E898",
				"71A291B7-B2CD-4948-83A3-1EBB0C4F4A12",
				"4C8EDBA5-54DD-4AC0-826C-3784E93C05F3",
				"169CDF12-6BEC-48AB-AA00-4E429741D60A",
				"476343AC-8DFD-46C7-B0AF-E649C25D0EC8",
				"0989316F-A69B-4BB1-A256-761E8A8563EA",
				"3638150D-BA59-409C-A466-952481672EF6",
				"E3901F40-C21A-4A0A-BAE8-443AC2078FBA",
				"87716162-0932-44DF-B6F7-C541B8B3C00C",
				"3B01DEC9-9093-493A-AC7D-CD8A59E2BACD",
				"DD6E04EF-8605-4F72-B189-BE799CC1569B",
				"18AF2BD9-696E-47DF-8500-9FFD5DF3CE33",
				"1E72BBEF-A3FA-420B-BC34-0469BB1E0E90"
			],
			"isa": "PBXGroup",
			"name": "src",
			"sourceTree": "SOURCE_ROOT"
		},
		"0989316F-A69B-4BB1-A256-761E8A8563EA": {
			"explicitFileType": "sourcecode.cpp.cpp",
			"fileEncoding": "4",
			"isa": "PBXFileReference",
			"name": "ofxPanel.cpp",
			"path": "../../addons/ofxGui/src/ofxPanel.cpp",
			"sourceTree": "SOURCE_ROOT"
		},
		"0E466CBC-4635-4B52-A36B-8E1F45E5FCA4": {
			"explicitFileType": "sourcecode.cpp.cpp",
			"fileEncoding": "4",
			"isa": "PBXFileReference",
			"name": "ofxGuiGroup.cpp",
			"path": "../../addons/ofxGui/src/ofxGuiGroup.cpp",
			"sourceTree": "SOURCE_ROOT"
		},
		"127997C6-802B-4EB3-A066-6A6A504CD185": {
			"explicitFileType": "sourcecode.cpp.cpp",
			"fileEncoding": "4",
			"isa": "PBXFileReference",
			"name": "ofxBaseGui.cpp",
			"path": "../../addons/ofxGui/src/ofxBaseGui.cpp",
			"sourceTree": "SOURCE_ROOT"
		},
		"169CDF12-6BEC-48AB-AA00-4E429741D60A": {
			"explicitFileType": "sourcecode.cpp.cpp",
			"fileEncoding": "4",
			"isa": "PBXFileReference",
			"name": "ofxLabel.cpp",
			"path": "../../addons/ofxGui/src/ofxLabel.cpp",
			"sourceTree": "SOURCE_ROOT"
		},
		"17F2061E-2B01-471E-BDA7-9B09DD24955F": {
			"fileRef": "169CDF12-6BEC-48AB-AA00-4E429741D60A",
			"isa": "PBXBuildFile"
		},
		"18AF2BD9-696E-47DF-8500-9FFD5DF3CE33": {
			"explicitFileType": "sourcecode.cpp.cpp",
			"fileEncoding": "4",
			"isa": "PBXFileReference",
			"name": "ofxToggle.cpp",
			"path": "../../addons/ofxGui/src/ofxToggle.cpp",
			"sourceTree": "SOURCE_ROOT"
		},
		"191CD6FA2847E21E0085CBB6": {
			"fileEncoding": "4",
			"isa": "PBXFileReference",
			"lastKnownFileType": "text.plist.entitlements",
			"path": "of.entitlements",
			"sourceTree": "<group>"
		},
		"191EF70929D778A400F35F26": {
			"isa": "PBXFileReference",
			"lastKnownFileType": "folder",
			"name": "openFrameworks",
			"path": "../../libs/openFrameworks",
			"sourceTree": "SOURCE_ROOT"
		},
		"19B789C429E5AB4A0082E9B8": {
			"buildActionMask": "2147483647",
			"files": [],
			"inputFileListPaths": [],
			"inputPaths": [],
			"isa": "PBXShellScriptBuildPhase",
			"outputFileListPaths": [],
			"outputPaths": [],
			"runOnlyForDeploymentPostprocessing": "0",
			"shellPath": "/bin/sh",
			"shellScript": "\"$OF_PATH/scripts/osx/xcode_project.sh\"\n",
			"showEnvVarsInLog": "0"
		},
		"1E72BBEF-A3FA-420B-BC34-0469BB1E0E90": {
			"explicitFileType": "sourcecode.c.h",
			"fileEncoding": "4",
			"isa": "PBXFileReference",
			"name": "ofxToggle.h",
			"path": "../../addons/ofxGui/src/ofxToggle.h",
			"sourceTree": "SOURCE_ROOT"
		},
		"3578E4B9-06A6-4DEA-85DB-2B5D7CA09907": {
			"fileRef": "3B01DEC9-9093-493A-AC7D-CD8A59E2BACD",
			"isa": "PBXBuildFile"
		},
		"3638150D-BA59-409C-A466-952481672EF6": {
			"explicitFileType": "sourcecode.c.h",
			"fileEncoding": "4",
			"isa": "PBXFileReference",
			"name": "ofxPanel.h",
			"path": "../../addons/ofxGui/src/ofxPanel.h",
			"sourceTree": "SOURCE_ROOT"
		},
		"3B01DEC9-9093-493A-AC7D-CD8A59E2BACD": {
			"explicitFileType": "sourcecode.cpp.cpp",
			"fileEncoding": "4",
			"isa": "PBXFileReference",
			"name": "ofxSliderGroup.cpp",
			"path": "../../addons/ofxGui/src/ofxSliderGroup.cpp",
			"sourceTree": "SOURCE_ROOT"
		},
		"476343AC-8DFD-46C7-B0AF-E649C25D0EC8": {
			"explicitFileType": "sourcecode.c.h",
			"fileEncoding": "4",
			"isa": "PBXFileReference",
			"name": "ofxLabel.h",
			"path": "../../addons/ofxGui/src/ofxLabel.h",
			"sourceTree": "SOURCE_ROOT"
		},
		"4C8EDBA5-54DD-4AC0-826C-3784E93C05F3": {
			"explicitFileType": "sourcecode.c.h",
			"fileEncoding": "4",
			"isa": "PBXFileReference",
			"name": "ofxInputField.h",
			"path": "../../addons/ofxGui/src/ofxInputField.h",
			"sourceTree": "SOURCE_ROOT"
		},
		"4D1C0155-A886-42E7-88C9-9ACA7997EBF7": {
			"explicitFileType": "sourcecode.cpp.cpp",
			"fileEncoding": "4",
			"isa": "PBXFileReference",
			"name": "ofxButton.cpp",
			"path": "../../addons/ofxGui/src/ofxButton.cpp",
			"sourceTree": "SOURCE_ROOT"
		},
		"58FD06FB-4409-4623-9647-060546F936A3": {
			"explicitFileType": "sourcecode.c.h",
			"fileEncoding": "4",
			"isa": "PBXFileReference",
			"name": "ofxGuiGroup.h",
			"path": "../../addons/ofxGui/src/ofxGuiGroup.h",
			"sourceTree": "SOURCE_ROOT"
		},
		"59C9FA10-E3FE-4C26-9DD2-02720885B7D7": {
			"explicitFileType": "sourcecode.cpp.cpp",
			"fileEncoding": "4",
			"isa": "PBXFileReference",
			"name": "ofxColorPicker.cpp",
			"path": "../../addons/ofxGui/src/ofxColorPicker.cpp",
			"sourceTree": "SOURCE_ROOT"
		},
		"64EC24EA-B33E-4E70-AEEF-328A92B2BBAD": {
			"fileRef": "127997C6-802B-4EB3-A066-6A6A504CD185",
			"isa": "PBXBuildFile"
		},
		"71A291B7-B2CD-4948-83A3-1EBB0C4F4A12": {
			"explicitFileType": "sourcecode.cpp.cpp",
			"fileEncoding": "4",
			"isa": "PBXFileReference",
			"name": "ofxInputField.cpp",
			"path": "../../addons/ofxGui/src/ofxInputField.cpp",
			"sourceTree": "SOURCE_ROOT"
		},
		"76642C55-5352-4DD7-8647-44EDA985671E": {
			"explicitFileType": "sourcecode.c.h",
			"fileEncoding": "4",
			"isa": "PBXFileReference",
			"name": "ofxColorPicker.h",
			"path": "../../addons/ofxGui/src/ofxColorPicker.h",
			"sourceTree": "SOURCE_ROOT"
		},
		"87716162-0932-44DF-B6F7-C541B8B3C00C": {
			"explicitFileType": "sourcecode.c.h",
			"fileEncoding": "4",
			"isa": "PBXFileReference",
			"name": "ofxSlider.h",
			"path": "../../addons/ofxGui/src/ofxSlider.h",
			"sourceTree": "SOURCE_ROOT"
		},
		"87A238E5-30F4-4419-ADDA-440772D1E370": {
			"fileRef": "71A291B7-B2CD-4948-83A3-1EBB0C4F4A12",
			"isa": "PBXBuildFile"
		},
		"98C89FAF-3DFC-4070-A750-74C8909B3E5A": {
			"explicitFileType": "sourcecode.c.h",
			"fileEncoding": "4",
			"isa": "PBXFileReference",
			"name": "ofxGui.h",
			"path": "../../addons/ofxGui/src/ofxGui.h",
			"sourceTree": "SOURCE_ROOT"
		},
		"9BEBC746-BEC0-4051-8414-8AC9398FE978": {
			"children": [
				"07D9C6EA-D4AD-4C1C-99FD-723C14082E36"
			],
			"isa": "PBXGroup",
			"name": "ofxGui",
			"sourceTree": "SOURCE_ROOT"
		},
		"A9185838-F3FA-4058-8CC3-14172CA1B4A7": {
			"fileRef": "0E466CBC-4635-4B52-A36B-8E1F45E5FCA4",
			"isa": "PBXBuildFile"
		},
		"AC38D5B5-178F-4688-B95C-693C7C66ED9B": {
			"fileRef": "18AF2BD9-696E-47DF-8500-9FFD5DF3CE33",
			"isa": "PBXBuildFile"
		},
		"BB4B014C10F69532006C3DED": {
			"children": [
				"9BEBC746-BEC0-4051-8414-8AC9398FE978"
			],
			"isa": "PBXGroup",
			"name": "addons",
			"path": "../../addons",
			"sourceTree": "<group>"
		},
		"BEE8202E-5113-4310-8DE7-0E105B35E898": {
			"explicitFileType": "sourcecode.c.h",
			"fileEncoding": "4",
			"isa": "PBXFileReference",
			"name": "ofxGuiUtils.h",
			"path": "../../addons/ofxGui/src/ofxGuiUtils.h",
			"sourceTree": "SOURCE_ROOT"
		},
		"C8498165-E4A4-4C3B-B5F5-D2619471B830": {
			"explicitFileType": "sourcecode.c.h",
			"fileEncoding": "4",
			"isa": "PBXFileReference",
			"name": "ofxBaseGui.h",
			"path": "../../addons/ofxGui/src/ofxBaseGui.h",
			"sourceTree": "SOURCE_ROOT"
		},
		"CDEE5ACE-7CCD-421A-A65F-EA722E9508A1": {
			"fileRef": "59C9FA10-E3FE-4C26-9DD2-02720885B7D7",
			"isa": "PBXBuildFile"
		},
		"CEACED7E-2F21-4F9A-988C-2C2D51922C29": {
			"fileRef": "E3901F40-C21A-4A0A-BAE8-443AC2078FBA",
			"isa": "PBXBuildFile"
		},
		"DD6E04EF-8605-4F72-B189-BE799CC1569B": {
			"explicitFileType": "sourcecode.c.h",
			"fileEncoding": "4",
			"isa": "PBXFileReference",
			"name": "ofxSliderGroup.h",
			"path": "../../addons/ofxGui/src/ofxSliderGroup.h",
			"sourceTree": "SOURCE_ROOT"
		},
		"E3901F40-C21A-4A0A-BAE8-443AC2078FBA": {
			"explicitFileType": "sourcecode.cpp.cpp",
			"fileEncoding": "4",
			"isa": "PBXFileReference",
			"name": "ofxSlider.cpp",
			"path": "../../addons/ofxGui/src/ofxSlider.cpp",
			"sourceTree": "SOURCE_ROOT"
		},
		"E42962A92163ECCD00A6A9E2": {
			"alwaysOutOfDate": "1",
			"buildActionMask": "2147483647",
			"files": [],
			"inputPaths": [],
			"isa": "PBXShellScriptBuildPhase",
			"name": "Run Script — Compile OF",
			"outputPaths": [],
			"runOnlyForDeploymentPostprocessing": "0",
			"shellPath": "/bin/sh",
			"shellScript": "echo \"💾 Compiling Openframeworks\"\nxcodebuild -project \"$OF_PATH/libs/openFrameworksCompiled/project/osx/openFrameworksLib.xcodeproj\" -target openFrameworks -configuration \"${CONFIGURATION}\"  CLANG_CXX_LANGUAGE_STANDARD=$CLANG_CXX_LANGUAGE_STANDARD MACOSX_DEPLOYMENT_TARGET=$MACOSX_DEPLOYMENT_TARGET GCC_PREPROCESSOR_DEFINITIONS=$USER_PREPROCESSOR_DEFINITIONS\n",
			"showEnvVarsInLog": "0"
		},
		"E4A5B60F29BAAAE400C2D356": {
			"buildActionMask": "2147483647",
			"dstPath": "",
			"dstSubfolderSpec": "6",
			"files": [],
			"isa": "PBXCopyFilesBuildPhase",
			"runOnlyForDeploymentPostprocessing": "0"
		},
		"E4B69B4A0A3A1720003C02F2": {
			"children": [
				"191CD6FA2847E21E0085CBB6",
				"E4B6FCAD0C3E899E008CF71C",
				"E4EB6923138AFD0F00A09F29",
				"E4B69E1C0A3A1BDC003C02F2",
				"191EF70929D778A400F35F26",
				"BB4B014C10F69532006C3DED",
				"E4B69B5B0A3A1756003C02F2"
			],
			"isa": "PBXGroup",
			"sourceTree": "<group>"
		},
		"E4B69B4C0A3A1720003C02F2": {
			"attributes": {
				"LastUpgradeCheck": "0600"
			},
			"buildConfigurationList": "E4B69B4D0A3A1720003C02F2",
			"compatibilityVersion": "Xcode 3.2",
			"developmentRegion": "en",
			"hasScannedForEncodings": "0",
			"isa": "PBXProject",
			"knownRegions": [
				"en",
				"Base"
			],
			"mainGroup": "E4B69B4A0A3A1720003C02F2",
			"productRefGroup": "E4B69B4A0A3A1720003C02F2",
			"projectDirPath": "",
			"projectRoot": "",
			"targets": [
				"E4B69B5A0A3A1756003C02F2"
			]
		},
		"E4B69B4D0A3A1720003C02F2": {
			"buildConfigurations": [
				"E4B69B4E0A3A1720003C02F2",
				"E4B69B4F0A3A1720003C02F2"
			],
			"defaultConfigurationIsVisible": "0",
			"defaultConfigurationName": "Release",
			"isa": "XCConfigurationList"
		},
		"E4B69B4E0A3A1720003C02F2": {
			"baseConfigurationReference": "E4EB6923138AFD0F00A09F29",
			"buildSettings": {
				"CODE_SIGN_ENTITLEMENTS": "of.entitlements",
				"COPY_PHASE_STRIP": "NO",
				"ENABLE_TESTABILITY": "YES",
				"GCC_OPTIMIZATION_LEVEL": "0",
				"GCC_WARN_UNUSED_VARIABLE": "NO",
				"HEADER_SEARCH_PATHS": [
					"$(OF_CORE_HEADERS)",
					"src"
				],
				"OTHER_CPLUSPLUSFLAGS": "-D__MACOSX_CORE__"
			},
			"isa": "XCBuildConfiguration",
			"name": "Debug"
		},
		"E4B69B4F0A3A1720003C02F2": {
			"baseConfigurationReference": "E4EB6923138AFD0F00A09F29",
			"buildSettings": {
				"CODE_SIGN_ENTITLEMENTS": "of.entitlements",
				"COPY_PHASE_STRIP": "YES",
				"GCC_OPTIMIZATION_LEVEL": "3",
				"GCC_UNROLL_LOOPS": "YES",
				"HEADER_SEARCH_PATHS": [
					"$(OF_CORE_HEADERS)",
					"src"
				],
				"OTHER_CPLUSPLUSFLAGS": "-D__MACOSX_CORE__"
			},
			"isa": "XCBuildConfiguration",
			"name": "Release"
		},
		"E4B69B580A3A1756003C02F2": {
			"buildActionMask": "2147483647",
			"files": [
				"E4B69E200A3A1BDC003C02F2",
				"E4B69E210A3A1BDC003C02F2",
				"64EC24EA-B33E-4E70-AEEF-328A92B2BBAD",
				"FA9C5F64-D08A-405F-8F0D-EEFDE1686A53",
				"CDEE5ACE-7CCD-421A-A65F-EA722E9508A1",
				"A9185838-F3FA-4058-8CC3-14172CA1B4A7",
				"87A238E5-30F4-4419-ADDA-440772D1E370",
				"17F2061E-2B01-471E-BDA7-9B09DD24955F",
				"03A1C78A-4995-48E9-8AAB-97EF313A9993",
				"CEACED7E-2F21-4F9A-988C-2C2D51922C29",
				"3578E4B9-06A6-4DEA-85DB-2B5D7CA09907",
				"AC38D5B5-178F-4688-B95C-693C7C66ED9B"
			],
			"isa": "PBXSourcesBuildPhase",
			"runOnlyForDeploymentPostprocessing": "0"
		},
		"E4B69B590A3A1756003C02F2": {
			"buildActionMask": "2147483647",
			"files": [],
			"isa": "PBXFrameworksBuildPhase",
			"runOnlyForDeploymentPostprocessing": "0"
		},
		"E4B69B5A0A3A1756003C02F2": {
			"buildConfigurationList": "E4B69B5F0A3A1757003C02F2",
			"buildPhases": [
				"E42962A92163ECCD00A6A9E2",
				"E4B69B580A3A1756003C02F2",
				"E4B69B590A3A1756003C02F2",
				"E4C2427710CC5ABF004149E2",
				"E4A5B60F29BAAAE400C2D356",
				"19B789C429E5AB4A0082E9B8"
			],
			"buildRules": [],
			"dependencies": [],
			"isa": "PBXNativeTarget",
			"name": "pixelate",
			"productName": "myOFApp",
			"productReference": "E4B69B5B0A3A1756003C02F2",
			"productType": "com.apple.product-type.application"
		},
		"E4B69B5B0A3A1756003C02F2": {
			"explicitFileType": "wrapper.application",
			"includeInIndex": "0",
			"isa": "PBXFileReference",
			"path": "pixelateDebug.app",
			"sourceTree": "BUILT_PRODUCTS_DIR"
		},
		"E4B69B5F0A3A1757003C02F2": {
			"buildConfigurations": [
				"E4B69B600A3A1757003C02F2",
				"E4B69B610A3A1757003C02F2"
			],
			"defaultConfigurationIsVisible": "0",
			"defaultConfigurationName": "Release",
			"isa": "XCConfigurationList"
		},
		"E4B69B600A3A1757003C02F2": {
			"baseConfigurationReference": "E4EB6923138AFD0F00A09F29",
			"buildSettings": {
				"ARCHS": "$(ARCHS_STANDARD)",
				"COPY_PHASE_STRIP": "NO",
				"FRAMEWORK_SEARCH_PATHS": "$(inherited)",
				"GCC_DYNAMIC_NO_PIC": "NO",
				"HEADER_SEARCH_PATHS": [
					"$(OF_CORE_HEADERS)",
					"src",
					"src",
					"../../addons/ofxGui/src"
				],
				"LIBRARY_SEARCH_PATHS": "$(inherited)",
				"OTHER_LDFLAGS": [
					"$(OF_CORE_LIBS)",
					"$(OF_CORE_FRAMEWORKS)",
					"$(LIB_OF_DEBUG)"
				]
			},
			"isa": "XCBuildConfiguration",
			"name": "Debug"
		},
		"E4B69B610A3A1757003C02F2": {
			"baseConfigurationReference": "E4EB6923138AFD0F00A09F29",
			"buildSettings": {
				"ARCHS": "$(ARCHS_STANDARD)",
				"COPY_PHASE_STRIP": "YES",
				"FRAMEWORK_SEARCH_PATHS": "$(inherited)",
				"HEADER_SEARCH_PATHS": [
					"$(OF_CORE_HEADERS)",
					"src",
					"src",
					"../../addons/ofxGui/src"
				],
				"LIBRARY_SEARCH_PATHS": "$(inherited)",
				"OTHER_LDFLAGS": [
					"$(OF_CORE_LIBS)",
					"$(OF_CORE_FRAMEWORKS)",
					"$(LIB_OF)"
				],
				"baseConfigurationReference": "E4EB6923138AFD0F00A09F29"
			},
			"isa": "XCBuildConfiguration",
			"name": "Release"
		},
		"E4B69E1C0A3A1BDC003C02F2": {
			"children": [
				"E4B69E1D0A3A1BDC003C02F2",
				"E4B69E1E0A3A1BDC003C02F2",
				"E4B69E1F0A3A1BDC003C02F2"
			],
			"isa": "PBXGroup",
			"path": "src",
			"sourceTree": "SOURCE_ROOT"
		},
		"E4B69E1D0A3A1BDC003C02F2": {
			"fileEncoding": "4",
			"isa": "PBXFileReference",
			"lastKnownFileType": "sourcecode.cpp.cpp",
			"name": "main.cpp",
			"path": "src/main.cpp",
			"sourceTree": "SOURCE_ROOT"
		},
		"E4B69E1E0A3A1BDC003C02F2": {
			"explicitFileType": "sourcecode.cpp.cpp",
			"fileEncoding": "4",
			"isa": "PBXFileReference",
			"name": "ofApp.cpp",
			"path": "src/ofApp.cpp",
			"sourceTree": "SOURCE_ROOT"
		},
		"E4B69E1F0A3A1BDC003C02F2": {
			"fileEncoding": "4",
			"isa": "PBXFileReference",
			"lastKnownFileType": "sourcecode.c.h",
			"name": "ofApp.h",
			"path": "src/ofApp.h",
			"sourceTree": "SOURCE_ROOT"
		},
		"E4B69E200A3A1BDC003C02F2": {
			"fileRef": "E4B69E1D0A3A1BDC003C02F2",
			"isa": "PBXBuildFile"
		},
		"E4B69E210A3A1BDC003C02F2": {
			"fileRef": "E4B69E1E0A3A1BDC003C02F2",
			"isa": "PBXBuildFile"
		},
		"E4B6FCAD0C3E899E008CF71C": {
			"fileEncoding": "4",
			"isa": "PBXFileReference",
			"lastKnownFileType": "text.plist.xml",
			"path": "openFrameworks-Info.plist",
			"sourceTree": "<group>"
		},
		"E4C2427710CC5ABF004149E2": {
			"buildActionMask": "2147483647",
			"dstPath": "",
			"dstSubfolderSpec": "10",
			"files": [],
			"isa": "PBXCopyFilesBuildPhase",
			"runOnlyForDeploymentPostprocessing": "0"
		},
		"E4EB6923138AFD0F00A09F29": {
			"fileEncoding": "4",
			"isa": "PBXFileReference",
			"lastKnownFileType": "text.xcconfig",
			"path": "Project.xcconfig",
			"sourceTree": "<group>"
		},
		"FA9C5F64-D08A-405F-8F0D-EEFDE1686A53": {
			"fileRef": "4D1C0155-A886-42E7-88C9-9ACA7997EBF7",
			"isa": "PBXBuildFile"
		}
	},
	"openFrameworksProjectGeneratorVersion": "21",
	"rootObject": "E4B69B4C0A3A1720003C02F2"
}